
Microsoft Visual Studio Solution File, Format Version 12.00
# Visual Studio 15
VisualStudioVersion = 15.0.28307.421
MinimumVisualStudioVersion = 10.0.40219.1
Project("{FAE04EC0-301F-11D3-BF4B-00C04F79EFBC}") = "Lab5AI", "LAB_5_CS_FORMS\Lab5AI.csproj", "{3062D162-1F48-40AB-B4E3-8F44B4C23FF9}"
EndProject
Global
	GlobalSection(SolutionConfigurationPlatforms) = preSolution
		Debug|Any CPU = Debug|Any CPU
		Release|Any CPU = Release|Any CPU
	EndGlobalSection
	GlobalSection(ProjectConfigurationPlatforms) = postSolution
		{3062D162-1F48-40AB-B4E3-8F44B4C23FF9}.Debug|Any CPU.ActiveCfg = Debug|Any CPU
		{3062D162-1F48-40AB-B4E3-8F44B4C23FF9}.Debug|Any CPU.Build.0 = Debug|Any CPU
		{3062D162-1F48-40AB-B4E3-8F44B4C23FF9}.Release|Any CPU.ActiveCfg = Release|Any CPU
		{3062D162-1F48-40AB-B4E3-8F44B4C23FF9}.Release|Any CPU.Build.0 = Release|Any CPU
	EndGlobalSection
	GlobalSection(SolutionProperties) = preSolution
		HideSolutionNode = FALSE
	EndGlobalSection
	GlobalSection(ExtensibilityGlobals) = postSolution
		SolutionGuid = {5B949851-BD82-42DD-9396-26E524D205E4}
	EndGlobalSection
EndGlobal
